
Microsoft Visual Studio Solution File, Format Version 12.00
# Visual Studio Version 16
VisualStudioVersion = 16.0.31005.135
MinimumVisualStudioVersion = 10.0.40219.1
Project("{9A19103F-16F7-4668-BE54-9A1E7A4F7556}") = "LoanCalculator", "LoanCalculator\LoanCalculator.csproj", "{710C551E-B36C-4542-B78A-CC0020DF89B5}"
EndProject
Project("{9A19103F-16F7-4668-BE54-9A1E7A4F7556}") = "HomeTask5", "HomeTask5\HomeTask5.csproj", "{7AF6835E-6153-472E-BBCB-E3FD1085B63B}"
EndProject
Project("{9A19103F-16F7-4668-BE54-9A1E7A4F7556}") = "HomeTask5.Tests", "HomeTask5.Tests\HomeTask5.Tests.csproj", "{85978925-BF40-4A70-958A-33739BE36FB4}"
EndProject
Project("{9A19103F-16F7-4668-BE54-9A1E7A4F7556}") = "StudentsApp", "StudentsApp\StudentsApp.csproj", "{64555FE2-BF02-4913-A06B-02BFF0BA3B0B}"
EndProject
Project("{9A19103F-16F7-4668-BE54-9A1E7A4F7556}") = "HomeTask7", "HomeTask7\HomeTask7.csproj", "{34D68E00-8B2B-4A2E-8552-38879050F2EB}"
EndProject
Project("{9A19103F-16F7-4668-BE54-9A1E7A4F7556}") = "StudentManagementApp", "StudentManagementApp\StudentManagementApp.csproj", "{E97C6EAA-B894-4494-B89C-E13B191B84C6}"
EndProject
Project("{9A19103F-16F7-4668-BE54-9A1E7A4F7556}") = "Delegates", "Delegates\Delegates.csproj", "{4527C20E-5571-4B39-8A15-202A54AAC567}"
EndProject
Project("{9A19103F-16F7-4668-BE54-9A1E7A4F7556}") = "SendEmailsSeparately", "SendEmailsSeparately\SendEmailsSeparately.csproj", "{5B3EB951-0B85-43DE-B9BD-E3922F96A176}"
EndProject
Project("{9A19103F-16F7-4668-BE54-9A1E7A4F7556}") = "FormulaParser", "FormulaParser\FormulaParser.csproj", "{5A59DA5E-54EC-4821-9F79-CB032F9D605D}"
EndProject
Project("{9A19103F-16F7-4668-BE54-9A1E7A4F7556}") = "GarbageCollector", "GarbageCollector\GarbageCollector.csproj", "{58526A0F-129D-4B50-9D66-15CD24F8A832}"
EndProject
Project("{FAE04EC0-301F-11D3-BF4B-00C04F79EFBC}") = "MultiThreading", "MultiThreading\MultiThreading.csproj", "{1770C48C-B01F-48B9-A4C0-456E575BE3D1}"
EndProject
Global
	GlobalSection(SolutionConfigurationPlatforms) = preSolution
		Debug|Any CPU = Debug|Any CPU
		Release|Any CPU = Release|Any CPU
	EndGlobalSection
	GlobalSection(ProjectConfigurationPlatforms) = postSolution
		{710C551E-B36C-4542-B78A-CC0020DF89B5}.Debug|Any CPU.ActiveCfg = Debug|Any CPU
		{710C551E-B36C-4542-B78A-CC0020DF89B5}.Debug|Any CPU.Build.0 = Debug|Any CPU
		{710C551E-B36C-4542-B78A-CC0020DF89B5}.Release|Any CPU.ActiveCfg = Release|Any CPU
		{710C551E-B36C-4542-B78A-CC0020DF89B5}.Release|Any CPU.Build.0 = Release|Any CPU
		{7AF6835E-6153-472E-BBCB-E3FD1085B63B}.Debug|Any CPU.ActiveCfg = Debug|Any CPU
		{7AF6835E-6153-472E-BBCB-E3FD1085B63B}.Debug|Any CPU.Build.0 = Debug|Any CPU
		{7AF6835E-6153-472E-BBCB-E3FD1085B63B}.Release|Any CPU.ActiveCfg = Release|Any CPU
		{7AF6835E-6153-472E-BBCB-E3FD1085B63B}.Release|Any CPU.Build.0 = Release|Any CPU
		{85978925-BF40-4A70-958A-33739BE36FB4}.Debug|Any CPU.ActiveCfg = Debug|Any CPU
		{85978925-BF40-4A70-958A-33739BE36FB4}.Debug|Any CPU.Build.0 = Debug|Any CPU
		{85978925-BF40-4A70-958A-33739BE36FB4}.Release|Any CPU.ActiveCfg = Release|Any CPU
		{85978925-BF40-4A70-958A-33739BE36FB4}.Release|Any CPU.Build.0 = Release|Any CPU
		{64555FE2-BF02-4913-A06B-02BFF0BA3B0B}.Debug|Any CPU.ActiveCfg = Debug|Any CPU
		{64555FE2-BF02-4913-A06B-02BFF0BA3B0B}.Debug|Any CPU.Build.0 = Debug|Any CPU
		{64555FE2-BF02-4913-A06B-02BFF0BA3B0B}.Release|Any CPU.ActiveCfg = Release|Any CPU
		{64555FE2-BF02-4913-A06B-02BFF0BA3B0B}.Release|Any CPU.Build.0 = Release|Any CPU
		{34D68E00-8B2B-4A2E-8552-38879050F2EB}.Debug|Any CPU.ActiveCfg = Debug|Any CPU
		{34D68E00-8B2B-4A2E-8552-38879050F2EB}.Debug|Any CPU.Build.0 = Debug|Any CPU
		{34D68E00-8B2B-4A2E-8552-38879050F2EB}.Release|Any CPU.ActiveCfg = Release|Any CPU
		{34D68E00-8B2B-4A2E-8552-38879050F2EB}.Release|Any CPU.Build.0 = Release|Any CPU
		{E97C6EAA-B894-4494-B89C-E13B191B84C6}.Debug|Any CPU.ActiveCfg = Debug|Any CPU
		{E97C6EAA-B894-4494-B89C-E13B191B84C6}.Debug|Any CPU.Build.0 = Debug|Any CPU
		{E97C6EAA-B894-4494-B89C-E13B191B84C6}.Release|Any CPU.ActiveCfg = Release|Any CPU
		{E97C6EAA-B894-4494-B89C-E13B191B84C6}.Release|Any CPU.Build.0 = Release|Any CPU
		{4527C20E-5571-4B39-8A15-202A54AAC567}.Debug|Any CPU.ActiveCfg = Debug|Any CPU
		{4527C20E-5571-4B39-8A15-202A54AAC567}.Debug|Any CPU.Build.0 = Debug|Any CPU
		{4527C20E-5571-4B39-8A15-202A54AAC567}.Release|Any CPU.ActiveCfg = Release|Any CPU
		{4527C20E-5571-4B39-8A15-202A54AAC567}.Release|Any CPU.Build.0 = Release|Any CPU
		{5B3EB951-0B85-43DE-B9BD-E3922F96A176}.Debug|Any CPU.ActiveCfg = Debug|Any CPU
		{5B3EB951-0B85-43DE-B9BD-E3922F96A176}.Debug|Any CPU.Build.0 = Debug|Any CPU
		{5B3EB951-0B85-43DE-B9BD-E3922F96A176}.Release|Any CPU.ActiveCfg = Release|Any CPU
		{5B3EB951-0B85-43DE-B9BD-E3922F96A176}.Release|Any CPU.Build.0 = Release|Any CPU
		{5A59DA5E-54EC-4821-9F79-CB032F9D605D}.Debug|Any CPU.ActiveCfg = Debug|Any CPU
		{5A59DA5E-54EC-4821-9F79-CB032F9D605D}.Debug|Any CPU.Build.0 = Debug|Any CPU
		{5A59DA5E-54EC-4821-9F79-CB032F9D605D}.Release|Any CPU.ActiveCfg = Release|Any CPU
		{5A59DA5E-54EC-4821-9F79-CB032F9D605D}.Release|Any CPU.Build.0 = Release|Any CPU
		{58526A0F-129D-4B50-9D66-15CD24F8A832}.Debug|Any CPU.ActiveCfg = Debug|Any CPU
		{58526A0F-129D-4B50-9D66-15CD24F8A832}.Debug|Any CPU.Build.0 = Debug|Any CPU
		{58526A0F-129D-4B50-9D66-15CD24F8A832}.Release|Any CPU.ActiveCfg = Release|Any CPU
		{58526A0F-129D-4B50-9D66-15CD24F8A832}.Release|Any CPU.Build.0 = Release|Any CPU
		{1770C48C-B01F-48B9-A4C0-456E575BE3D1}.Debug|Any CPU.ActiveCfg = Debug|Any CPU
		{1770C48C-B01F-48B9-A4C0-456E575BE3D1}.Debug|Any CPU.Build.0 = Debug|Any CPU
		{1770C48C-B01F-48B9-A4C0-456E575BE3D1}.Release|Any CPU.ActiveCfg = Release|Any CPU
		{1770C48C-B01F-48B9-A4C0-456E575BE3D1}.Release|Any CPU.Build.0 = Release|Any CPU
	EndGlobalSection
	GlobalSection(SolutionProperties) = preSolution
		HideSolutionNode = FALSE
	EndGlobalSection
	GlobalSection(ExtensibilityGlobals) = postSolution
		SolutionGuid = {1FDD31CC-CD78-495E-BEA2-086858DAA6C1}
	EndGlobalSection
EndGlobal
